// !$*UTF8*$!
{
	archiveVersion = 1;
	classes = {
	};
	objectVersion = 56;
	objects = {

/* Begin PBXBuildFile section */
		0D9678F02C0CA5DD009E8C48 /* MovieDBApp.swift in Sources */ = {isa = PBXBuildFile; fileRef = 0D9678EF2C0CA5DD009E8C48 /* MovieDBApp.swift */; };
		0D9678F22C0CA5DD009E8C48 /* ContentView.swift in Sources */ = {isa = PBXBuildFile; fileRef = 0D9678F12C0CA5DD009E8C48 /* ContentView.swift */; };
		0D9678F42C0CA5DE009E8C48 /* Assets.xcassets in Resources */ = {isa = PBXBuildFile; fileRef = 0D9678F32C0CA5DE009E8C48 /* Assets.xcassets */; };
		0D9678F72C0CA5DE009E8C48 /* Preview Assets.xcassets in Resources */ = {isa = PBXBuildFile; fileRef = 0D9678F62C0CA5DE009E8C48 /* Preview Assets.xcassets */; };
		0D9678FF2C0CA62A009E8C48 /* NetworkSDK in Frameworks */ = {isa = PBXBuildFile; productRef = 0D9678FE2C0CA62A009E8C48 /* NetworkSDK */; };
		0D9679012C0CA74A009E8C48 /* Configuration.swift in Sources */ = {isa = PBXBuildFile; fileRef = 0D9679002C0CA74A009E8C48 /* Configuration.swift */; };
		0D9679072C0CB12D009E8C48 /* Movie.swift in Sources */ = {isa = PBXBuildFile; fileRef = 0D9679062C0CB12D009E8C48 /* Movie.swift */; };
		0D9679092C0CB154009E8C48 /* BaseResponse.swift in Sources */ = {isa = PBXBuildFile; fileRef = 0D9679082C0CB154009E8C48 /* BaseResponse.swift */; };
		0D96790D2C0CB343009E8C48 /* FetchMoviesUseCase.swift in Sources */ = {isa = PBXBuildFile; fileRef = 0D96790C2C0CB343009E8C48 /* FetchMoviesUseCase.swift */; };
		0D9679102C0CB514009E8C48 /* MovieRepository.swift in Sources */ = {isa = PBXBuildFile; fileRef = 0D96790F2C0CB514009E8C48 /* MovieRepository.swift */; };
		0D9679142C0CB6C7009E8C48 /* MovieRepositoryImpl.swift in Sources */ = {isa = PBXBuildFile; fileRef = 0D9679132C0CB6C7009E8C48 /* MovieRepositoryImpl.swift */; };
		0D9679192C0CB8CF009E8C48 /* MovieListViewModel.swift in Sources */ = {isa = PBXBuildFile; fileRef = 0D9679182C0CB8CF009E8C48 /* MovieListViewModel.swift */; };
		0D96791B2C0CBE2F009E8C48 /* MovieListView.swift in Sources */ = {isa = PBXBuildFile; fileRef = 0D96791A2C0CBE2F009E8C48 /* MovieListView.swift */; };
		0D96791F2C0CBF54009E8C48 /* FetchMoviesUseCaseImpl.swift in Sources */ = {isa = PBXBuildFile; fileRef = 0D96791E2C0CBF54009E8C48 /* FetchMoviesUseCaseImpl.swift */; };
		0D9679212C0CC733009E8C48 /* DIContainer.swift in Sources */ = {isa = PBXBuildFile; fileRef = 0D9679202C0CC733009E8C48 /* DIContainer.swift */; };
		0D9679232C0CE775009E8C48 /* MovieInfoView.swift in Sources */ = {isa = PBXBuildFile; fileRef = 0D9679222C0CE775009E8C48 /* MovieInfoView.swift */; };
		0D9679252C0CF7D3009E8C48 /* URLHelper.swift in Sources */ = {isa = PBXBuildFile; fileRef = 0D9679242C0CF7D3009E8C48 /* URLHelper.swift */; };
		0D9679272C1024D8009E8C48 /* ShimmerView.swift in Sources */ = {isa = PBXBuildFile; fileRef = 0D9679262C1024D8009E8C48 /* ShimmerView.swift */; };
		0D9679292C1024FF009E8C48 /* AsyncImageView.swift in Sources */ = {isa = PBXBuildFile; fileRef = 0D9679282C1024FF009E8C48 /* AsyncImageView.swift */; };
		0D96792B2C1034E2009E8C48 /* FetchMovieDetailsUseCase.swift in Sources */ = {isa = PBXBuildFile; fileRef = 0D96792A2C1034E2009E8C48 /* FetchMovieDetailsUseCase.swift */; };
		0D96792D2C103539009E8C48 /* MovieDetail.swift in Sources */ = {isa = PBXBuildFile; fileRef = 0D96792C2C103539009E8C48 /* MovieDetail.swift */; };
		0D96792F2C10374C009E8C48 /* FetchMovieDetailsUseCaseImpl.swift in Sources */ = {isa = PBXBuildFile; fileRef = 0D96792E2C10374C009E8C48 /* FetchMovieDetailsUseCaseImpl.swift */; };
		0D9679322C106415009E8C48 /* MovieViewModelFactory.swift in Sources */ = {isa = PBXBuildFile; fileRef = 0D9679312C106415009E8C48 /* MovieViewModelFactory.swift */; };
		0D9679342C1064BE009E8C48 /* MovieDetailsViewModel.swift in Sources */ = {isa = PBXBuildFile; fileRef = 0D9679332C1064BE009E8C48 /* MovieDetailsViewModel.swift */; };
		0D9679392C1069F1009E8C48 /* MovieDetailsView.swift in Sources */ = {isa = PBXBuildFile; fileRef = 0D9679382C1069F1009E8C48 /* MovieDetailsView.swift */; };
		0D96793B2C10925A009E8C48 /* FetchPopularMoviesUseCaseImpl.swift in Sources */ = {isa = PBXBuildFile; fileRef = 0D96793A2C10925A009E8C48 /* FetchPopularMoviesUseCaseImpl.swift */; };
/* End PBXBuildFile section */

/* Begin PBXFileReference section */
		0D9678EC2C0CA5DD009E8C48 /* MovieDB.app */ = {isa = PBXFileReference; explicitFileType = wrapper.application; includeInIndex = 0; path = MovieDB.app; sourceTree = BUILT_PRODUCTS_DIR; };
		0D9678EF2C0CA5DD009E8C48 /* MovieDBApp.swift */ = {isa = PBXFileReference; lastKnownFileType = sourcecode.swift; path = MovieDBApp.swift; sourceTree = "<group>"; };
		0D9678F12C0CA5DD009E8C48 /* ContentView.swift */ = {isa = PBXFileReference; lastKnownFileType = sourcecode.swift; path = ContentView.swift; sourceTree = "<group>"; };
		0D9678F32C0CA5DE009E8C48 /* Assets.xcassets */ = {isa = PBXFileReference; lastKnownFileType = folder.assetcatalog; path = Assets.xcassets; sourceTree = "<group>"; };
		0D9678F62C0CA5DE009E8C48 /* Preview Assets.xcassets */ = {isa = PBXFileReference; lastKnownFileType = folder.assetcatalog; path = "Preview Assets.xcassets"; sourceTree = "<group>"; };
		0D9679002C0CA74A009E8C48 /* Configuration.swift */ = {isa = PBXFileReference; lastKnownFileType = sourcecode.swift; path = Configuration.swift; sourceTree = "<group>"; };
		0D9679022C0CA7AE009E8C48 /* Config.xcconfig */ = {isa = PBXFileReference; lastKnownFileType = text.xcconfig; path = Config.xcconfig; sourceTree = "<group>"; };
		0D9679032C0CA91C009E8C48 /* Info.plist */ = {isa = PBXFileReference; lastKnownFileType = text.plist; path = Info.plist; sourceTree = "<group>"; };
		0D9679062C0CB12D009E8C48 /* Movie.swift */ = {isa = PBXFileReference; lastKnownFileType = sourcecode.swift; path = Movie.swift; sourceTree = "<group>"; };
		0D9679082C0CB154009E8C48 /* BaseResponse.swift */ = {isa = PBXFileReference; lastKnownFileType = sourcecode.swift; path = BaseResponse.swift; sourceTree = "<group>"; };
		0D96790C2C0CB343009E8C48 /* FetchMoviesUseCase.swift */ = {isa = PBXFileReference; lastKnownFileType = sourcecode.swift; path = FetchMoviesUseCase.swift; sourceTree = "<group>"; };
		0D96790F2C0CB514009E8C48 /* MovieRepository.swift */ = {isa = PBXFileReference; lastKnownFileType = sourcecode.swift; path = MovieRepository.swift; sourceTree = "<group>"; };
		0D9679132C0CB6C7009E8C48 /* MovieRepositoryImpl.swift */ = {isa = PBXFileReference; lastKnownFileType = sourcecode.swift; path = MovieRepositoryImpl.swift; sourceTree = "<group>"; };
		0D9679182C0CB8CF009E8C48 /* MovieListViewModel.swift */ = {isa = PBXFileReference; lastKnownFileType = sourcecode.swift; path = MovieListViewModel.swift; sourceTree = "<group>"; };
		0D96791A2C0CBE2F009E8C48 /* MovieListView.swift */ = {isa = PBXFileReference; lastKnownFileType = sourcecode.swift; path = MovieListView.swift; sourceTree = "<group>"; };
		0D96791E2C0CBF54009E8C48 /* FetchMoviesUseCaseImpl.swift */ = {isa = PBXFileReference; lastKnownFileType = sourcecode.swift; path = FetchMoviesUseCaseImpl.swift; sourceTree = "<group>"; };
		0D9679202C0CC733009E8C48 /* DIContainer.swift */ = {isa = PBXFileReference; lastKnownFileType = sourcecode.swift; path = DIContainer.swift; sourceTree = "<group>"; };
		0D9679222C0CE775009E8C48 /* MovieInfoView.swift */ = {isa = PBXFileReference; lastKnownFileType = sourcecode.swift; path = MovieInfoView.swift; sourceTree = "<group>"; };
		0D9679242C0CF7D3009E8C48 /* URLHelper.swift */ = {isa = PBXFileReference; lastKnownFileType = sourcecode.swift; path = URLHelper.swift; sourceTree = "<group>"; };
		0D9679262C1024D8009E8C48 /* ShimmerView.swift */ = {isa = PBXFileReference; lastKnownFileType = sourcecode.swift; path = ShimmerView.swift; sourceTree = "<group>"; };
		0D9679282C1024FF009E8C48 /* AsyncImageView.swift */ = {isa = PBXFileReference; lastKnownFileType = sourcecode.swift; path = AsyncImageView.swift; sourceTree = "<group>"; };
		0D96792A2C1034E2009E8C48 /* FetchMovieDetailsUseCase.swift */ = {isa = PBXFileReference; lastKnownFileType = sourcecode.swift; path = FetchMovieDetailsUseCase.swift; sourceTree = "<group>"; };
		0D96792C2C103539009E8C48 /* MovieDetail.swift */ = {isa = PBXFileReference; lastKnownFileType = sourcecode.swift; path = MovieDetail.swift; sourceTree = "<group>"; };
		0D96792E2C10374C009E8C48 /* FetchMovieDetailsUseCaseImpl.swift */ = {isa = PBXFileReference; lastKnownFileType = sourcecode.swift; path = FetchMovieDetailsUseCaseImpl.swift; sourceTree = "<group>"; };
		0D9679312C106415009E8C48 /* MovieViewModelFactory.swift */ = {isa = PBXFileReference; lastKnownFileType = sourcecode.swift; path = MovieViewModelFactory.swift; sourceTree = "<group>"; };
		0D9679332C1064BE009E8C48 /* MovieDetailsViewModel.swift */ = {isa = PBXFileReference; lastKnownFileType = sourcecode.swift; path = MovieDetailsViewModel.swift; sourceTree = "<group>"; };
		0D9679382C1069F1009E8C48 /* MovieDetailsView.swift */ = {isa = PBXFileReference; lastKnownFileType = sourcecode.swift; path = MovieDetailsView.swift; sourceTree = "<group>"; };
		0D96793A2C10925A009E8C48 /* FetchPopularMoviesUseCaseImpl.swift */ = {isa = PBXFileReference; lastKnownFileType = sourcecode.swift; path = FetchPopularMoviesUseCaseImpl.swift; sourceTree = "<group>"; };
/* End PBXFileReference section */

/* Begin PBXFrameworksBuildPhase section */
		0D9678E92C0CA5DD009E8C48 /* Frameworks */ = {
			isa = PBXFrameworksBuildPhase;
			buildActionMask = 2147483647;
			files = (
				0D9678FF2C0CA62A009E8C48 /* NetworkSDK in Frameworks */,
			);
			runOnlyForDeploymentPostprocessing = 0;
		};
/* End PBXFrameworksBuildPhase section */

/* Begin PBXGroup section */
		0D9678E32C0CA5DD009E8C48 = {
			isa = PBXGroup;
			children = (
				0D9678EE2C0CA5DD009E8C48 /* MovieDB */,
				0D9678ED2C0CA5DD009E8C48 /* Products */,
			);
			sourceTree = "<group>";
		};
		0D9678ED2C0CA5DD009E8C48 /* Products */ = {
			isa = PBXGroup;
			children = (
				0D9678EC2C0CA5DD009E8C48 /* MovieDB.app */,
			);
			name = Products;
			sourceTree = "<group>";
		};
		0D9678EE2C0CA5DD009E8C48 /* MovieDB */ = {
			isa = PBXGroup;
			children = (
				0D9679032C0CA91C009E8C48 /* Info.plist */,
				0D9678EF2C0CA5DD009E8C48 /* MovieDBApp.swift */,
				0D9678F12C0CA5DD009E8C48 /* ContentView.swift */,
				0D96791C2C0CBF13009E8C48 /* DependencyInjection */,
				0D9679152C0CB881009E8C48 /* Presentation */,
				0D9679112C0CB636009E8C48 /* Data */,
				0D9679052C0CB09B009E8C48 /* Domain */,
				0D9679022C0CA7AE009E8C48 /* Config.xcconfig */,
				0D9678F32C0CA5DE009E8C48 /* Assets.xcassets */,
				0D9678F52C0CA5DE009E8C48 /* Preview Content */,
			);
			path = MovieDB;
			sourceTree = "<group>";
		};
		0D9678F52C0CA5DE009E8C48 /* Preview Content */ = {
			isa = PBXGroup;
			children = (
				0D9678F62C0CA5DE009E8C48 /* Preview Assets.xcassets */,
			);
			path = "Preview Content";
			sourceTree = "<group>";
		};
		0D9679052C0CB09B009E8C48 /* Domain */ = {
			isa = PBXGroup;
			children = (
				0D96790E2C0CB4E0009E8C48 /* Repository Protocols */,
				0D96790B2C0CB1B9009E8C48 /* UseCase Protocols */,
				0D96790A2C0CB1B0009E8C48 /* Entities */,
			);
			path = Domain;
			sourceTree = "<group>";
		};
		0D96790A2C0CB1B0009E8C48 /* Entities */ = {
			isa = PBXGroup;
			children = (
				0D9679062C0CB12D009E8C48 /* Movie.swift */,
				0D96792C2C103539009E8C48 /* MovieDetail.swift */,
				0D9679082C0CB154009E8C48 /* BaseResponse.swift */,
			);
			path = Entities;
			sourceTree = "<group>";
		};
		0D96790B2C0CB1B9009E8C48 /* UseCase Protocols */ = {
			isa = PBXGroup;
			children = (
				0D96790C2C0CB343009E8C48 /* FetchMoviesUseCase.swift */,
				0D96792A2C1034E2009E8C48 /* FetchMovieDetailsUseCase.swift */,
			);
			path = "UseCase Protocols";
			sourceTree = "<group>";
		};
		0D96790E2C0CB4E0009E8C48 /* Repository Protocols */ = {
			isa = PBXGroup;
			children = (
				0D96790F2C0CB514009E8C48 /* MovieRepository.swift */,
			);
			path = "Repository Protocols";
			sourceTree = "<group>";
		};
		0D9679112C0CB636009E8C48 /* Data */ = {
			isa = PBXGroup;
			children = (
				0D9679002C0CA74A009E8C48 /* Configuration.swift */,
				0D9679242C0CF7D3009E8C48 /* URLHelper.swift */,
				0D9679122C0CB687009E8C48 /* Repositories */,
			);
			path = Data;
			sourceTree = "<group>";
		};
		0D9679122C0CB687009E8C48 /* Repositories */ = {
			isa = PBXGroup;
			children = (
				0D9679132C0CB6C7009E8C48 /* MovieRepositoryImpl.swift */,
			);
			path = Repositories;
			sourceTree = "<group>";
		};
		0D9679152C0CB881009E8C48 /* Presentation */ = {
			isa = PBXGroup;
			children = (
				0D9679162C0CB89B009E8C48 /* ViewModels */,
				0D9679172C0CB8A3009E8C48 /* Views */,
			);
			path = Presentation;
			sourceTree = "<group>";
		};
		0D9679162C0CB89B009E8C48 /* ViewModels */ = {
			isa = PBXGroup;
			children = (
				0D9679182C0CB8CF009E8C48 /* MovieListViewModel.swift */,
				0D9679332C1064BE009E8C48 /* MovieDetailsViewModel.swift */,
			);
			path = ViewModels;
			sourceTree = "<group>";
		};
		0D9679172C0CB8A3009E8C48 /* Views */ = {
			isa = PBXGroup;
			children = (
				0D9679362C1069BB009E8C48 /* MovieList */,
				0D9679372C1069D5009E8C48 /* MovieDetails */,
				0D9679352C1069A3009E8C48 /* Common */,
			);
			path = Views;
			sourceTree = "<group>";
		};
		0D96791C2C0CBF13009E8C48 /* DependencyInjection */ = {
			isa = PBXGroup;
			children = (
				0D9679302C1063FD009E8C48 /* ViewModelFactories */,
				0D96791D2C0CBF37009E8C48 /* UseCases */,
				0D9679202C0CC733009E8C48 /* DIContainer.swift */,
			);
			path = DependencyInjection;
			sourceTree = "<group>";
		};
		0D96791D2C0CBF37009E8C48 /* UseCases */ = {
			isa = PBXGroup;
			children = (
				0D96791E2C0CBF54009E8C48 /* FetchMoviesUseCaseImpl.swift */,
				0D96793A2C10925A009E8C48 /* FetchPopularMoviesUseCaseImpl.swift */,
				0D96792E2C10374C009E8C48 /* FetchMovieDetailsUseCaseImpl.swift */,
			);
			path = UseCases;
			sourceTree = "<group>";
		};
		0D9679302C1063FD009E8C48 /* ViewModelFactories */ = {
			isa = PBXGroup;
			children = (
				0D9679312C106415009E8C48 /* MovieViewModelFactory.swift */,
			);
			path = ViewModelFactories;
			sourceTree = "<group>";
		};
		0D9679352C1069A3009E8C48 /* Common */ = {
			isa = PBXGroup;
			children = (
				0D9679282C1024FF009E8C48 /* AsyncImageView.swift */,
				0D9679262C1024D8009E8C48 /* ShimmerView.swift */,
			);
			path = Common;
			sourceTree = "<group>";
		};
		0D9679362C1069BB009E8C48 /* MovieList */ = {
			isa = PBXGroup;
			children = (
				0D96791A2C0CBE2F009E8C48 /* MovieListView.swift */,
				0D9679222C0CE775009E8C48 /* MovieInfoView.swift */,
			);
			path = MovieList;
			sourceTree = "<group>";
		};
		0D9679372C1069D5009E8C48 /* MovieDetails */ = {
			isa = PBXGroup;
			children = (
				0D9679382C1069F1009E8C48 /* MovieDetailsView.swift */,
			);
			path = MovieDetails;
			sourceTree = "<group>";
		};
/* End PBXGroup section */

/* Begin PBXNativeTarget section */
		0D9678EB2C0CA5DD009E8C48 /* MovieDB */ = {
			isa = PBXNativeTarget;
			buildConfigurationList = 0D9678FA2C0CA5DE009E8C48 /* Build configuration list for PBXNativeTarget "MovieDB" */;
			buildPhases = (
				0D9678E82C0CA5DD009E8C48 /* Sources */,
				0D9678E92C0CA5DD009E8C48 /* Frameworks */,
				0D9678EA2C0CA5DD009E8C48 /* Resources */,
			);
			buildRules = (
			);
			dependencies = (
			);
			name = MovieDB;
			packageProductDependencies = (
				0D9678FE2C0CA62A009E8C48 /* NetworkSDK */,
			);
			productName = MovieDB;
			productReference = 0D9678EC2C0CA5DD009E8C48 /* MovieDB.app */;
			productType = "com.apple.product-type.application";
		};
/* End PBXNativeTarget section */

/* Begin PBXProject section */
		0D9678E42C0CA5DD009E8C48 /* Project object */ = {
			isa = PBXProject;
			attributes = {
				BuildIndependentTargetsInParallel = 1;
				LastSwiftUpdateCheck = 1500;
				LastUpgradeCheck = 1500;
				TargetAttributes = {
					0D9678EB2C0CA5DD009E8C48 = {
						CreatedOnToolsVersion = 15.0.1;
					};
				};
			};
			buildConfigurationList = 0D9678E72C0CA5DD009E8C48 /* Build configuration list for PBXProject "MovieDB" */;
			compatibilityVersion = "Xcode 14.0";
			developmentRegion = en;
			hasScannedForEncodings = 0;
			knownRegions = (
				en,
				Base,
			);
			mainGroup = 0D9678E32C0CA5DD009E8C48;
			packageReferences = (
				0D9678FD2C0CA62A009E8C48 /* XCRemoteSwiftPackageReference "NetworkSDK" */,
			);
			productRefGroup = 0D9678ED2C0CA5DD009E8C48 /* Products */;
			projectDirPath = "";
			projectRoot = "";
			targets = (
				0D9678EB2C0CA5DD009E8C48 /* MovieDB */,
			);
		};
/* End PBXProject section */

/* Begin PBXResourcesBuildPhase section */
		0D9678EA2C0CA5DD009E8C48 /* Resources */ = {
			isa = PBXResourcesBuildPhase;
			buildActionMask = 2147483647;
			files = (
				0D9678F72C0CA5DE009E8C48 /* Preview Assets.xcassets in Resources */,
				0D9678F42C0CA5DE009E8C48 /* Assets.xcassets in Resources */,
			);
			runOnlyForDeploymentPostprocessing = 0;
		};
/* End PBXResourcesBuildPhase section */

/* Begin PBXSourcesBuildPhase section */
		0D9678E82C0CA5DD009E8C48 /* Sources */ = {
			isa = PBXSourcesBuildPhase;
			buildActionMask = 2147483647;
			files = (
				0D9679092C0CB154009E8C48 /* BaseResponse.swift in Sources */,
				0D9679012C0CA74A009E8C48 /* Configuration.swift in Sources */,
				0D9679392C1069F1009E8C48 /* MovieDetailsView.swift in Sources */,
				0D9678F22C0CA5DD009E8C48 /* ContentView.swift in Sources */,
				0D96792D2C103539009E8C48 /* MovieDetail.swift in Sources */,
				0D9679072C0CB12D009E8C48 /* Movie.swift in Sources */,
				0D9679212C0CC733009E8C48 /* DIContainer.swift in Sources */,
				0D9679232C0CE775009E8C48 /* MovieInfoView.swift in Sources */,
				0D9679102C0CB514009E8C48 /* MovieRepository.swift in Sources */,
				0D9678F02C0CA5DD009E8C48 /* MovieDBApp.swift in Sources */,
				0D9679252C0CF7D3009E8C48 /* URLHelper.swift in Sources */,
				0D9679322C106415009E8C48 /* MovieViewModelFactory.swift in Sources */,
				0D9679142C0CB6C7009E8C48 /* MovieRepositoryImpl.swift in Sources */,
				0D96791B2C0CBE2F009E8C48 /* MovieListView.swift in Sources */,
				0D9679292C1024FF009E8C48 /* AsyncImageView.swift in Sources */,
				0D9679342C1064BE009E8C48 /* MovieDetailsViewModel.swift in Sources */,
				0D96791F2C0CBF54009E8C48 /* FetchMoviesUseCaseImpl.swift in Sources */,
				0D96792F2C10374C009E8C48 /* FetchMovieDetailsUseCaseImpl.swift in Sources */,
				0D96793B2C10925A009E8C48 /* FetchPopularMoviesUseCaseImpl.swift in Sources */,
				0D96792B2C1034E2009E8C48 /* FetchMovieDetailsUseCase.swift in Sources */,
				0D9679272C1024D8009E8C48 /* ShimmerView.swift in Sources */,
				0D96790D2C0CB343009E8C48 /* FetchMoviesUseCase.swift in Sources */,
				0D9679192C0CB8CF009E8C48 /* MovieListViewModel.swift in Sources */,
			);
			runOnlyForDeploymentPostprocessing = 0;
		};
/* End PBXSourcesBuildPhase section */

/* Begin XCBuildConfiguration section */
		0D9678F82C0CA5DE009E8C48 /* Debug */ = {
			isa = XCBuildConfiguration;
			baseConfigurationReference = 0D9679022C0CA7AE009E8C48 /* Config.xcconfig */;
			buildSettings = {
				ALWAYS_SEARCH_USER_PATHS = NO;
				ASSETCATALOG_COMPILER_GENERATE_SWIFT_ASSET_SYMBOL_EXTENSIONS = YES;
				CLANG_ANALYZER_NONNULL = YES;
				CLANG_ANALYZER_NUMBER_OBJECT_CONVERSION = YES_AGGRESSIVE;
				CLANG_CXX_LANGUAGE_STANDARD = "gnu++20";
				CLANG_ENABLE_MODULES = YES;
				CLANG_ENABLE_OBJC_ARC = YES;
				CLANG_ENABLE_OBJC_WEAK = YES;
				CLANG_WARN_BLOCK_CAPTURE_AUTORELEASING = YES;
				CLANG_WARN_BOOL_CONVERSION = YES;
				CLANG_WARN_COMMA = YES;
				CLANG_WARN_CONSTANT_CONVERSION = YES;
				CLANG_WARN_DEPRECATED_OBJC_IMPLEMENTATIONS = YES;
				CLANG_WARN_DIRECT_OBJC_ISA_USAGE = YES_ERROR;
				CLANG_WARN_DOCUMENTATION_COMMENTS = YES;
				CLANG_WARN_EMPTY_BODY = YES;
				CLANG_WARN_ENUM_CONVERSION = YES;
				CLANG_WARN_INFINITE_RECURSION = YES;
				CLANG_WARN_INT_CONVERSION = YES;
				CLANG_WARN_NON_LITERAL_NULL_CONVERSION = YES;
				CLANG_WARN_OBJC_IMPLICIT_RETAIN_SELF = YES;
				CLANG_WARN_OBJC_LITERAL_CONVERSION = YES;
				CLANG_WARN_OBJC_ROOT_CLASS = YES_ERROR;
				CLANG_WARN_QUOTED_INCLUDE_IN_FRAMEWORK_HEADER = YES;
				CLANG_WARN_RANGE_LOOP_ANALYSIS = YES;
				CLANG_WARN_STRICT_PROTOTYPES = YES;
				CLANG_WARN_SUSPICIOUS_MOVE = YES;
				CLANG_WARN_UNGUARDED_AVAILABILITY = YES_AGGRESSIVE;
				CLANG_WARN_UNREACHABLE_CODE = YES;
				CLANG_WARN__DUPLICATE_METHOD_MATCH = YES;
				COPY_PHASE_STRIP = NO;
				DEBUG_INFORMATION_FORMAT = dwarf;
				ENABLE_STRICT_OBJC_MSGSEND = YES;
				ENABLE_TESTABILITY = YES;
				ENABLE_USER_SCRIPT_SANDBOXING = YES;
				GCC_C_LANGUAGE_STANDARD = gnu17;
				GCC_DYNAMIC_NO_PIC = NO;
				GCC_NO_COMMON_BLOCKS = YES;
				GCC_OPTIMIZATION_LEVEL = 0;
				GCC_PREPROCESSOR_DEFINITIONS = (
					"DEBUG=1",
					"$(inherited)",
				);
				GCC_WARN_64_TO_32_BIT_CONVERSION = YES;
				GCC_WARN_ABOUT_RETURN_TYPE = YES_ERROR;
				GCC_WARN_UNDECLARED_SELECTOR = YES;
				GCC_WARN_UNINITIALIZED_AUTOS = YES_AGGRESSIVE;
				GCC_WARN_UNUSED_FUNCTION = YES;
				GCC_WARN_UNUSED_VARIABLE = YES;
				IPHONEOS_DEPLOYMENT_TARGET = 17.0;
				LOCALIZATION_PREFERS_STRING_CATALOGS = YES;
				MTL_ENABLE_DEBUG_INFO = INCLUDE_SOURCE;
				MTL_FAST_MATH = YES;
				ONLY_ACTIVE_ARCH = YES;
				SDKROOT = iphoneos;
				SWIFT_ACTIVE_COMPILATION_CONDITIONS = "DEBUG $(inherited)";
				SWIFT_OPTIMIZATION_LEVEL = "-Onone";
			};
			name = Debug;
		};
		0D9678F92C0CA5DE009E8C48 /* Release */ = {
			isa = XCBuildConfiguration;
			baseConfigurationReference = 0D9679022C0CA7AE009E8C48 /* Config.xcconfig */;
			buildSettings = {
				ALWAYS_SEARCH_USER_PATHS = NO;
				ASSETCATALOG_COMPILER_GENERATE_SWIFT_ASSET_SYMBOL_EXTENSIONS = YES;
				CLANG_ANALYZER_NONNULL = YES;
				CLANG_ANALYZER_NUMBER_OBJECT_CONVERSION = YES_AGGRESSIVE;
				CLANG_CXX_LANGUAGE_STANDARD = "gnu++20";
				CLANG_ENABLE_MODULES = YES;
				CLANG_ENABLE_OBJC_ARC = YES;
				CLANG_ENABLE_OBJC_WEAK = YES;
				CLANG_WARN_BLOCK_CAPTURE_AUTORELEASING = YES;
				CLANG_WARN_BOOL_CONVERSION = YES;
				CLANG_WARN_COMMA = YES;
				CLANG_WARN_CONSTANT_CONVERSION = YES;
				CLANG_WARN_DEPRECATED_OBJC_IMPLEMENTATIONS = YES;
				CLANG_WARN_DIRECT_OBJC_ISA_USAGE = YES_ERROR;
				CLANG_WARN_DOCUMENTATION_COMMENTS = YES;
				CLANG_WARN_EMPTY_BODY = YES;
				CLANG_WARN_ENUM_CONVERSION = YES;
				CLANG_WARN_INFINITE_RECURSION = YES;
				CLANG_WARN_INT_CONVERSION = YES;
				CLANG_WARN_NON_LITERAL_NULL_CONVERSION = YES;
				CLANG_WARN_OBJC_IMPLICIT_RETAIN_SELF = YES;
				CLANG_WARN_OBJC_LITERAL_CONVERSION = YES;
				CLANG_WARN_OBJC_ROOT_CLASS = YES_ERROR;
				CLANG_WARN_QUOTED_INCLUDE_IN_FRAMEWORK_HEADER = YES;
				CLANG_WARN_RANGE_LOOP_ANALYSIS = YES;
				CLANG_WARN_STRICT_PROTOTYPES = YES;
				CLANG_WARN_SUSPICIOUS_MOVE = YES;
				CLANG_WARN_UNGUARDED_AVAILABILITY = YES_AGGRESSIVE;
				CLANG_WARN_UNREACHABLE_CODE = YES;
				CLANG_WARN__DUPLICATE_METHOD_MATCH = YES;
				COPY_PHASE_STRIP = NO;
				DEBUG_INFORMATION_FORMAT = "dwarf-with-dsym";
				ENABLE_NS_ASSERTIONS = NO;
				ENABLE_STRICT_OBJC_MSGSEND = YES;
				ENABLE_USER_SCRIPT_SANDBOXING = YES;
				GCC_C_LANGUAGE_STANDARD = gnu17;
				GCC_NO_COMMON_BLOCKS = YES;
				GCC_WARN_64_TO_32_BIT_CONVERSION = YES;
				GCC_WARN_ABOUT_RETURN_TYPE = YES_ERROR;
				GCC_WARN_UNDECLARED_SELECTOR = YES;
				GCC_WARN_UNINITIALIZED_AUTOS = YES_AGGRESSIVE;
				GCC_WARN_UNUSED_FUNCTION = YES;
				GCC_WARN_UNUSED_VARIABLE = YES;
				IPHONEOS_DEPLOYMENT_TARGET = 17.0;
				LOCALIZATION_PREFERS_STRING_CATALOGS = YES;
				MTL_ENABLE_DEBUG_INFO = NO;
				MTL_FAST_MATH = YES;
				SDKROOT = iphoneos;
				SWIFT_COMPILATION_MODE = wholemodule;
				VALIDATE_PRODUCT = YES;
			};
			name = Release;
		};
		0D9678FB2C0CA5DE009E8C48 /* Debug */ = {
			isa = XCBuildConfiguration;
			baseConfigurationReference = 0D9679022C0CA7AE009E8C48 /* Config.xcconfig */;
			buildSettings = {
				ASSETCATALOG_COMPILER_APPICON_NAME = AppIcon;
				ASSETCATALOG_COMPILER_GLOBAL_ACCENT_COLOR_NAME = AccentColor;
				CODE_SIGN_STYLE = Automatic;
				CURRENT_PROJECT_VERSION = 1;
				DEVELOPMENT_ASSET_PATHS = "\"MovieDB/Preview Content\"";
				DEVELOPMENT_TEAM = ZVRRY5HA82;
				ENABLE_PREVIEWS = YES;
				GENERATE_INFOPLIST_FILE = YES;
				INFOPLIST_FILE = MovieDB/Info.plist;
				INFOPLIST_KEY_UIApplicationSceneManifest_Generation = YES;
				INFOPLIST_KEY_UIApplicationSupportsIndirectInputEvents = YES;
				INFOPLIST_KEY_UILaunchScreen_Generation = YES;
				INFOPLIST_KEY_UISupportedInterfaceOrientations_iPad = "UIInterfaceOrientationPortrait UIInterfaceOrientationPortraitUpsideDown UIInterfaceOrientationLandscapeLeft UIInterfaceOrientationLandscapeRight";
				INFOPLIST_KEY_UISupportedInterfaceOrientations_iPhone = "UIInterfaceOrientationPortrait UIInterfaceOrientationLandscapeLeft UIInterfaceOrientationLandscapeRight";
				LD_RUNPATH_SEARCH_PATHS = (
					"$(inherited)",
					"@executable_path/Frameworks",
				);
				MARKETING_VERSION = 1.0;
				PRODUCT_BUNDLE_IDENTIFIER = com.re.MovieDB;
				PRODUCT_NAME = "$(TARGET_NAME)";
				SWIFT_EMIT_LOC_STRINGS = YES;
				SWIFT_VERSION = 5.0;
				TARGETED_DEVICE_FAMILY = "1,2";
			};
			name = Debug;
		};
		0D9678FC2C0CA5DE009E8C48 /* Release */ = {
			isa = XCBuildConfiguration;
			baseConfigurationReference = 0D9679022C0CA7AE009E8C48 /* Config.xcconfig */;
			buildSettings = {
				ASSETCATALOG_COMPILER_APPICON_NAME = AppIcon;
				ASSETCATALOG_COMPILER_GLOBAL_ACCENT_COLOR_NAME = AccentColor;
				CODE_SIGN_STYLE = Automatic;
				CURRENT_PROJECT_VERSION = 1;
				DEVELOPMENT_ASSET_PATHS = "\"MovieDB/Preview Content\"";
				DEVELOPMENT_TEAM = ZVRRY5HA82;
				ENABLE_PREVIEWS = YES;
				GENERATE_INFOPLIST_FILE = YES;
				INFOPLIST_FILE = MovieDB/Info.plist;
				INFOPLIST_KEY_UIApplicationSceneManifest_Generation = YES;
				INFOPLIST_KEY_UIApplicationSupportsIndirectInputEvents = YES;
				INFOPLIST_KEY_UILaunchScreen_Generation = YES;
				INFOPLIST_KEY_UISupportedInterfaceOrientations_iPad = "UIInterfaceOrientationPortrait UIInterfaceOrientationPortraitUpsideDown UIInterfaceOrientationLandscapeLeft UIInterfaceOrientationLandscapeRight";
				INFOPLIST_KEY_UISupportedInterfaceOrientations_iPhone = "UIInterfaceOrientationPortrait UIInterfaceOrientationLandscapeLeft UIInterfaceOrientationLandscapeRight";
				LD_RUNPATH_SEARCH_PATHS = (
					"$(inherited)",
					"@executable_path/Frameworks",
				);
				MARKETING_VERSION = 1.0;
				PRODUCT_BUNDLE_IDENTIFIER = com.re.MovieDB;
				PRODUCT_NAME = "$(TARGET_NAME)";
				SWIFT_EMIT_LOC_STRINGS = YES;
				SWIFT_VERSION = 5.0;
				TARGETED_DEVICE_FAMILY = "1,2";
			};
			name = Release;
		};
/* End XCBuildConfiguration section */

/* Begin XCConfigurationList section */
		0D9678E72C0CA5DD009E8C48 /* Build configuration list for PBXProject "MovieDB" */ = {
			isa = XCConfigurationList;
			buildConfigurations = (
				0D9678F82C0CA5DE009E8C48 /* Debug */,
				0D9678F92C0CA5DE009E8C48 /* Release */,
			);
			defaultConfigurationIsVisible = 0;
			defaultConfigurationName = Release;
		};
		0D9678FA2C0CA5DE009E8C48 /* Build configuration list for PBXNativeTarget "MovieDB" */ = {
			isa = XCConfigurationList;
			buildConfigurations = (
				0D9678FB2C0CA5DE009E8C48 /* Debug */,
				0D9678FC2C0CA5DE009E8C48 /* Release */,
			);
			defaultConfigurationIsVisible = 0;
			defaultConfigurationName = Release;
		};
/* End XCConfigurationList section */

/* Begin XCRemoteSwiftPackageReference section */
		0D9678FD2C0CA62A009E8C48 /* XCRemoteSwiftPackageReference "NetworkSDK" */ = {
			isa = XCRemoteSwiftPackageReference;
			repositoryURL = "https://github.com/Rimesh/NetworkSDK.git";
			requirement = {
				kind = upToNextMajorVersion;
				minimumVersion = 0.0.2;
			};
		};
/* End XCRemoteSwiftPackageReference section */

/* Begin XCSwiftPackageProductDependency section */
		0D9678FE2C0CA62A009E8C48 /* NetworkSDK */ = {
			isa = XCSwiftPackageProductDependency;
			package = 0D9678FD2C0CA62A009E8C48 /* XCRemoteSwiftPackageReference "NetworkSDK" */;
			productName = NetworkSDK;
		};
/* End XCSwiftPackageProductDependency section */
	};
	rootObject = 0D9678E42C0CA5DD009E8C48 /* Project object */;
}
